
Microsoft Visual Studio Solution File, Format Version 12.00
# Visual Studio Version 17
VisualStudioVersion = 17.3.32811.315
MinimumVisualStudioVersion = 10.0.40219.1
Project("{FAE04EC0-301F-11D3-BF4B-00C04F79EFBC}") = "WebApplication1", "WebApplication1\WebApplication1.csproj", "{5C725AF2-A873-454C-B0A6-90A148B20282}"
	ProjectSection(ProjectDependencies) = postProject
		{93620125-7D9A-4EC0-BDE1-8AC9B3EFC7E1} = {93620125-7D9A-4EC0-BDE1-8AC9B3EFC7E1}
	EndProjectSection
EndProject
Project("{FAE04EC0-301F-11D3-BF4B-00C04F79EFBC}") = "bal_Lib", "bal_Lib\bal_Lib.csproj", "{93620125-7D9A-4EC0-BDE1-8AC9B3EFC7E1}"
EndProject
Global
	GlobalSection(SolutionConfigurationPlatforms) = preSolution
		Debug|Any CPU = Debug|Any CPU
		Release|Any CPU = Release|Any CPU
	EndGlobalSection
	GlobalSection(ProjectConfigurationPlatforms) = postSolution
		{5C725AF2-A873-454C-B0A6-90A148B20282}.Debug|Any CPU.ActiveCfg = Debug|Any CPU
		{5C725AF2-A873-454C-B0A6-90A148B20282}.Debug|Any CPU.Build.0 = Debug|Any CPU
		{5C725AF2-A873-454C-B0A6-90A148B20282}.Release|Any CPU.ActiveCfg = Release|Any CPU
		{5C725AF2-A873-454C-B0A6-90A148B20282}.Release|Any CPU.Build.0 = Release|Any CPU
		{93620125-7D9A-4EC0-BDE1-8AC9B3EFC7E1}.Debug|Any CPU.ActiveCfg = Debug|Any CPU
		{93620125-7D9A-4EC0-BDE1-8AC9B3EFC7E1}.Debug|Any CPU.Build.0 = Debug|Any CPU
		{93620125-7D9A-4EC0-BDE1-8AC9B3EFC7E1}.Release|Any CPU.ActiveCfg = Release|Any CPU
		{93620125-7D9A-4EC0-BDE1-8AC9B3EFC7E1}.Release|Any CPU.Build.0 = Release|Any CPU
	EndGlobalSection
	GlobalSection(SolutionProperties) = preSolution
		HideSolutionNode = FALSE
	EndGlobalSection
	GlobalSection(ExtensibilityGlobals) = postSolution
		SolutionGuid = {AC839C0D-AC53-4FB4-813C-C18AA4624B2E}
	EndGlobalSection
EndGlobal
